
Microsoft Visual Studio Solution File, Format Version 12.00
# Visual Studio Version 16
VisualStudioVersion = 16.0.31321.278
MinimumVisualStudioVersion = 10.0.40219.1
Project("{9A19103F-16F7-4668-BE54-9A1E7A4F7556}") = "PromotionCodeEngine", "promotion-code-engine\PromotionCodeEngine.csproj", "{01A3F8DF-7FA6-4B93-8162-DB4D1B449ED2}"
EndProject
Project("{9A19103F-16F7-4668-BE54-9A1E7A4F7556}") = "PromotionCodeEngineTest", "promotion-code-engine-test\PromotionCodeEngineTest.csproj", "{09ED7006-8724-4A70-B033-100AD58EE461}"
EndProject
Project("{9A19103F-16F7-4668-BE54-9A1E7A4F7556}") = "PromotionCodeModels", "promotion-code-models\PromotionCodeModels.csproj", "{90A9CD6E-FE2E-415D-BE78-C2A40A7701A9}"
EndProject
Global
	GlobalSection(SolutionConfigurationPlatforms) = preSolution
		Debug|Any CPU = Debug|Any CPU
		Release|Any CPU = Release|Any CPU
	EndGlobalSection
	GlobalSection(ProjectConfigurationPlatforms) = postSolution
		{01A3F8DF-7FA6-4B93-8162-DB4D1B449ED2}.Debug|Any CPU.ActiveCfg = Debug|Any CPU
		{01A3F8DF-7FA6-4B93-8162-DB4D1B449ED2}.Debug|Any CPU.Build.0 = Debug|Any CPU
		{01A3F8DF-7FA6-4B93-8162-DB4D1B449ED2}.Release|Any CPU.ActiveCfg = Release|Any CPU
		{01A3F8DF-7FA6-4B93-8162-DB4D1B449ED2}.Release|Any CPU.Build.0 = Release|Any CPU
		{09ED7006-8724-4A70-B033-100AD58EE461}.Debug|Any CPU.ActiveCfg = Debug|Any CPU
		{09ED7006-8724-4A70-B033-100AD58EE461}.Debug|Any CPU.Build.0 = Debug|Any CPU
		{09ED7006-8724-4A70-B033-100AD58EE461}.Release|Any CPU.ActiveCfg = Release|Any CPU
		{09ED7006-8724-4A70-B033-100AD58EE461}.Release|Any CPU.Build.0 = Release|Any CPU
		{90A9CD6E-FE2E-415D-BE78-C2A40A7701A9}.Debug|Any CPU.ActiveCfg = Debug|Any CPU
		{90A9CD6E-FE2E-415D-BE78-C2A40A7701A9}.Debug|Any CPU.Build.0 = Debug|Any CPU
		{90A9CD6E-FE2E-415D-BE78-C2A40A7701A9}.Release|Any CPU.ActiveCfg = Release|Any CPU
		{90A9CD6E-FE2E-415D-BE78-C2A40A7701A9}.Release|Any CPU.Build.0 = Release|Any CPU
	EndGlobalSection
	GlobalSection(SolutionProperties) = preSolution
		HideSolutionNode = FALSE
	EndGlobalSection
	GlobalSection(ExtensibilityGlobals) = postSolution
		SolutionGuid = {3F812FE0-CAC9-4D3B-9DB6-1DAD4AD3BA16}
	EndGlobalSection
EndGlobal
